
Microsoft Visual Studio Solution File, Format Version 12.00
# Visual Studio Version 16
VisualStudioVersion = 16.0.31229.75
MinimumVisualStudioVersion = 10.0.40219.1
Project("{9A19103F-16F7-4668-BE54-9A1E7A4F7556}") = "Java.Net", "Java.Net.csproj", "{F0268F2E-FA36-4BF0-9D73-BB0C6762F1F0}"
EndProject
Global
	GlobalSection(SolutionConfigurationPlatforms) = preSolution
		Debug|Any CPU = Debug|Any CPU
		Release|Any CPU = Release|Any CPU
	EndGlobalSection
	GlobalSection(ProjectConfigurationPlatforms) = postSolution
		{F0268F2E-FA36-4BF0-9D73-BB0C6762F1F0}.Debug|Any CPU.ActiveCfg = Debug|Any CPU
		{F0268F2E-FA36-4BF0-9D73-BB0C6762F1F0}.Debug|Any CPU.Build.0 = Debug|Any CPU
		{F0268F2E-FA36-4BF0-9D73-BB0C6762F1F0}.Release|Any CPU.ActiveCfg = Release|Any CPU
		{F0268F2E-FA36-4BF0-9D73-BB0C6762F1F0}.Release|Any CPU.Build.0 = Release|Any CPU
	EndGlobalSection
	GlobalSection(SolutionProperties) = preSolution
		HideSolutionNode = FALSE
	EndGlobalSection
	GlobalSection(ExtensibilityGlobals) = postSolution
		SolutionGuid = {FB461007-19A4-40C7-A146-303FB24ABC0E}
	EndGlobalSection
EndGlobal
